
Microsoft Visual Studio Solution File, Format Version 12.00
# Visual Studio Version 17
VisualStudioVersion = 17.11.35327.3
MinimumVisualStudioVersion = 10.0.40219.1
Project("{FAE04EC0-301F-11D3-BF4B-00C04F79EFBC}") = "NumberListWpfCodingChallenge", "NumberListWpfCodingChallenge.csproj", "{6E35FFE9-A226-4A49-963F-955C0D73C9A2}"
EndProject
Global
	GlobalSection(SolutionConfigurationPlatforms) = preSolution
		Debug|Any CPU = Debug|Any CPU
		Release|Any CPU = Release|Any CPU
	EndGlobalSection
	GlobalSection(ProjectConfigurationPlatforms) = postSolution
		{6E35FFE9-A226-4A49-963F-955C0D73C9A2}.Debug|Any CPU.ActiveCfg = Debug|Any CPU
		{6E35FFE9-A226-4A49-963F-955C0D73C9A2}.Debug|Any CPU.Build.0 = Debug|Any CPU
		{6E35FFE9-A226-4A49-963F-955C0D73C9A2}.Release|Any CPU.ActiveCfg = Release|Any CPU
		{6E35FFE9-A226-4A49-963F-955C0D73C9A2}.Release|Any CPU.Build.0 = Release|Any CPU
	EndGlobalSection
	GlobalSection(SolutionProperties) = preSolution
		HideSolutionNode = FALSE
	EndGlobalSection
	GlobalSection(ExtensibilityGlobals) = postSolution
		SolutionGuid = {F1B64961-C4FF-4920-900B-09DB20686CD8}
	EndGlobalSection
EndGlobal
